
Microsoft Visual Studio Solution File, Format Version 12.00
# Visual Studio Version 17
VisualStudioVersion = 17.8.34525.116
MinimumVisualStudioVersion = 10.0.40219.1
Project("{FAE04EC0-301F-11D3-BF4B-00C04F79EFBC}") = "WiredBrainCoffee", "WiredBrainCoffee.csproj", "{AF322B13-E44B-4D1A-86AF-71C57EF2CCE0}"
EndProject
Global
	GlobalSection(SolutionConfigurationPlatforms) = preSolution
		Debug|Any CPU = Debug|Any CPU
		Release|Any CPU = Release|Any CPU
	EndGlobalSection
	GlobalSection(ProjectConfigurationPlatforms) = postSolution
		{AF322B13-E44B-4D1A-86AF-71C57EF2CCE0}.Debug|Any CPU.ActiveCfg = Debug|Any CPU
		{AF322B13-E44B-4D1A-86AF-71C57EF2CCE0}.Debug|Any CPU.Build.0 = Debug|Any CPU
		{AF322B13-E44B-4D1A-86AF-71C57EF2CCE0}.Release|Any CPU.ActiveCfg = Release|Any CPU
		{AF322B13-E44B-4D1A-86AF-71C57EF2CCE0}.Release|Any CPU.Build.0 = Release|Any CPU
	EndGlobalSection
	GlobalSection(SolutionProperties) = preSolution
		HideSolutionNode = FALSE
	EndGlobalSection
	GlobalSection(ExtensibilityGlobals) = postSolution
		SolutionGuid = {49EF6803-CC0B-40B4-84A6-F83915B7BFBA}
	EndGlobalSection
EndGlobal
